<Solution>
  <Folder Name="/Task0/">
    <Project Path="Tyuiu.TaranDA.Sprint0.Task0.V0/Tyuiu.TaranDA.Sprint0.Task0.V0.csproj" />
  </Folder>
  <Folder Name="/Task1/">
    <Project Path="Tyuiu.TaranDA.Sprint0.Task1.V0/Tyuiu.TaranDA.Sprint0.Task1.V0.csproj" Id="efa98e88-f51b-4d53-ac40-d24e66b65550" />
  </Folder>
  <Folder Name="/Task2/">
    <Project Path="Tyuiu.TaranDA.Sprint0.Task2.V0.Lib/Tyuiu.TaranDA.Sprint0.Task2.V0.Lib.csproj" Id="84be46a4-63c2-4b47-b171-3ed7f1a1cfe0" />
    <Project Path="Tyuiu.TaranDA.Sprint0.Task2.V0.Test/Tyuiu.TaranDA.Sprint0.Task2.V0.Test.csproj" Id="3f675e62-3002-4ac7-8064-8b6ab71580cf" />
    <Project Path="Tyuiu.TaranDA.Sprint0.Task2.V0/Tyuiu.TaranDA.Sprint0.Task2.V0.csproj" Id="ce88046f-a6dd-431d-a93b-6a9be9436218" />
  </Folder>
  <Folder Name="/Task3/">
    <Project Path="Tyuiu.TaranDA.Sprint0.Task3.V0.Lib/Tyuiu.TaranDA.Sprint0.Task3.V0.Lib.csproj" Id="621fb608-4caf-49aa-aa67-88de4f78947f" />
    <Project Path="Tyuiu.TaranDA.Sprint0.Task3.V0.Test/Tyuiu.TaranDA.Sprint0.Task3.V0.Test.csproj" Id="a24fcfa6-c6b6-4209-8c4e-9a365d944a5e" />
    <Project Path="Tyuiu.TaranDA.Sprint0.Task3.V0/Tyuiu.TaranDA.Sprint0.Task3.V0.csproj" Id="ea76beb4-b7f2-44cf-a8ea-eca687d37d9c" />
  </Folder>
  <Folder Name="/Task4/">
    <Project Path="Tyuiu.TaranDA.Sprint0.Task4.V0.Lib/Tyuiu.TaranDA.Sprint0.Task4.V0.Lib.csproj" Id="c2aa1256-daf6-4b81-96c0-6ea84042bbd8" />
    <Project Path="Tyuiu.TaranDA.Sprint0.Task4.V0.Test/Tyuiu.TaranDA.Sprint0.Task4.V0.Test.csproj" Id="7f192cfc-9650-435a-b65e-4a87527ec3fb" />
    <Project Path="Tyuiu.TaranDA.Sprint0.Task4.V0/Tyuiu.TaranDA.Sprint0.Task4.V0.csproj" Id="356debab-3e9c-4090-aeca-5c83751178a5" />
  </Folder>
  <Folder Name="/Task5/">
    <Project Path="Tyuiu.TaranDA.Sprint0.Task5.V0.Lib/Tyuiu.TaranDA.Sprint0.Task5.V0.Lib.csproj" Id="5b870883-332e-4a49-8a4c-1342893989cb" />
    <Project Path="Tyuiu.TaranDA.Sprint0.Task5.V0.Test/Tyuiu.TaranDA.Sprint0.Task5.V0.Test.csproj" Id="813daf8f-dea6-4558-9066-282b7ba2fe84" />
    <Project Path="Tyuiu.TaranDA.Sprint0.Task5.V0/Tyuiu.TaranDA.Sprint0.Task5.V0.csproj" Id="c6f592de-cdf6-4284-8133-1f0accdbbc15" />
  </Folder>
</Solution>
